#MicroXplorer Configuration settings - do not modify
Mcu.Family=STM32F1
ProjectManager.MainLocation=Core/Src
PC15-OSC32_OUT.Mode=LSE-External-Oscillator
PA2.GPIO_PuPd=GPIO_NOPULL
RCC.MCOFreq_Value=64000000
ProjectManager.ProjectFileName=Stepper_motor_API.ioc
USART2.IPParameters=VirtualMode
PD1-OSC_OUT.Mode=HSE-External-Clock-Source
ProjectManager.KeepUserCode=true
Mcu.UserName=STM32F103RBTx
Mcu.PinsNb=15
ProjectManager.NoMain=false
TIM1.IPParameters=Prescaler,Period
RCC.PLLCLKFreq_Value=64000000
PA14.GPIO_Label=TCK
PA3.GPIO_PuPd=GPIO_NOPULL
ProjectManager.functionlistsort=1-MX_GPIO_Init-GPIO-false-HAL-true,2-SystemClock_Config-RCC-false-HAL-false,3-MX_TIM1_Init-TIM1-false-HAL-true,4-MX_USART2_UART_Init-USART2-false-HAL-true
PC2.Signal=GPIO_Output
PA2.GPIO_Speed=GPIO_SPEED_FREQ_LOW
PC3.Locked=true
RCC.RTCFreq_Value=32768
PA3.GPIOParameters=GPIO_Speed,GPIO_PuPd,GPIO_Label,GPIO_Mode
RCC.ADCFreqValue=32000000
ProjectManager.DefaultFWLocation=true
NVIC.TIM1_UP_IRQn=true\:0\:0\:false\:false\:true\:true\:true
PD0-OSC_IN.Signal=RCC_OSC_IN
ProjectManager.DeletePrevious=true
PC0.Signal=GPIO_Output
RCC.APB1CLKDivider=RCC_HCLK_DIV2
PC14-OSC32_IN.Signal=RCC_OSC32_IN
PC1.Locked=true
PA3.GPIO_Speed=GPIO_SPEED_FREQ_LOW
boardIOC=true
PA2.GPIOParameters=GPIO_Speed,GPIO_PuPd,GPIO_Label,GPIO_Mode
PinOutPanel.RotationAngle=0
RCC.FamilyName=M
RCC.SYSCLKSource=RCC_SYSCLKSOURCE_PLLCLK
ProjectManager.StackSize=0x400
PD1-OSC_OUT.Locked=true
PD1-OSC_OUT.Signal=RCC_OSC_OUT
PA13.Signal=SYS_JTMS-SWDIO
PA3.Mode=Asynchronous
Mcu.IP4=USART2
RCC.FCLKCortexFreq_Value=64000000
NVIC.SVCall_IRQn=true\:0\:0\:false\:false\:true\:true\:false
Mcu.IP2=SYS
Mcu.IP3=TIM1
Mcu.IP0=NVIC
Mcu.IP1=RCC
PC15-OSC32_OUT.Locked=true
TIM1.Prescaler=799
Mcu.UserConstants=
ProjectManager.TargetToolchain=SW4STM32
Mcu.ThirdPartyNb=0
PA3.GPIO_Mode=GPIO_MODE_AF_PP
RCC.HCLKFreq_Value=64000000
Mcu.IPNb=5
ProjectManager.PreviousToolchain=SW4STM32
RCC.APB2TimFreq_Value=64000000
VP_TIM1_VS_ClockSourceINT.Signal=TIM1_VS_ClockSourceINT
PC3.Signal=GPIO_Output
Mcu.Pin6=PC2
PC2.Locked=true
Mcu.Pin7=PC3
ProjectManager.RegisterCallBack=
Mcu.Pin8=PA2
RCC.USBFreq_Value=64000000
Mcu.Pin9=PA3
PC15-OSC32_OUT.Signal=RCC_OSC32_OUT
RCC.AHBFreq_Value=64000000
Mcu.Pin0=PC14-OSC32_IN
Mcu.Pin1=PC15-OSC32_OUT
Mcu.Pin2=PD0-OSC_IN
PD0-OSC_IN.Mode=HSE-External-Clock-Source
Mcu.Pin3=PD1-OSC_OUT
Mcu.Pin4=PC0
Mcu.Pin5=PC1
ProjectManager.ProjectBuild=false
NVIC.UsageFault_IRQn=true\:0\:0\:false\:false\:true\:true\:false
NVIC.DebugMonitor_IRQn=true\:0\:0\:false\:false\:true\:true\:false
board=NUCLEO-F103RB
NVIC.SysTick_IRQn=true\:0\:0\:false\:false\:true\:true\:true
RCC.RTCClockSelection=RCC_RTCCLKSOURCE_LSE
ProjectManager.LastFirmware=true
RCC.PLLMUL=RCC_PLL_MUL16
RCC.VCOOutput2Freq_Value=4000000
ProjectManager.FirmwarePackage=STM32Cube FW_F1 V1.8.2
MxDb.Version=DB.6.0.0
RCC.APB2Freq_Value=64000000
ProjectManager.BackupPrevious=false
MxCube.Version=6.0.1
PC14-OSC32_IN.Mode=LSE-External-Oscillator
PA14.Mode=Serial_Wire
File.Version=6
VP_SYS_VS_Systick.Mode=SysTick
PB3.GPIOParameters=GPIO_Label
NVIC.NonMaskableInt_IRQn=true\:0\:0\:false\:false\:true\:true\:false
NVIC.PendSV_IRQn=true\:0\:0\:false\:false\:true\:true\:false
PA13.Mode=Serial_Wire
ProjectManager.FreePins=false
RCC.IPParameters=ADCFreqValue,AHBFreq_Value,APB1CLKDivider,APB1Freq_Value,APB1TimFreq_Value,APB2Freq_Value,APB2TimFreq_Value,FCLKCortexFreq_Value,FamilyName,HCLKFreq_Value,MCOFreq_Value,PLLCLKFreq_Value,PLLMCOFreq_Value,PLLMUL,RTCClockSelection,RTCFreq_Value,SYSCLKFreq_VALUE,SYSCLKSource,TimSysFreq_Value,USBFreq_Value,VCOOutput2Freq_Value
ProjectManager.AskForMigrate=true
Mcu.Name=STM32F103R(8-B)Tx
ProjectManager.HalAssertFull=false
VP_TIM1_VS_ClockSourceINT.Mode=Internal
PA2.Signal=USART2_TX
PA13.GPIO_Label=TMS
ProjectManager.ProjectName=Stepper_motor_API
ProjectManager.UnderRoot=true
PA13.GPIOParameters=GPIO_Label
RCC.PLLMCOFreq_Value=32000000
ProjectManager.CoupleFile=false
PB3.Signal=SYS_JTDO-TRACESWO
RCC.SYSCLKFreq_VALUE=64000000
Mcu.Package=LQFP64
RCC.TimSysFreq_Value=64000000
PA3.Locked=true
NVIC.ForceEnableDMAVector=true
KeepUserPlacement=false
USART2.VirtualMode=VM_ASYNC
PA14.GPIOParameters=GPIO_Label
NVIC.MemoryManagement_IRQn=true\:0\:0\:false\:false\:true\:true\:false
PA13.Locked=true
PA14.Locked=true
ProjectManager.CompilerOptimize=6
ProjectManager.ToolChainLocation=
PA2.GPIO_Label=USART_TX
VP_SYS_VS_Systick.Signal=SYS_VS_Systick
PA14.Signal=SYS_JTCK-SWCLK
NVIC.TIM1_BRK_IRQn=true\:0\:0\:false\:false\:true\:true\:true
ProjectManager.HeapSize=0x200
NVIC.HardFault_IRQn=true\:0\:0\:false\:false\:true\:true\:false
Mcu.Pin13=VP_SYS_VS_Systick
Mcu.Pin14=VP_TIM1_VS_ClockSourceINT
ProjectManager.ComputerToolchain=false
NVIC.PriorityGroup=NVIC_PRIORITYGROUP_4
Mcu.Pin11=PA14
Mcu.Pin12=PB3
Mcu.Pin10=PA13
RCC.APB1TimFreq_Value=64000000
PA2.Mode=Asynchronous
NVIC.BusFault_IRQn=true\:0\:0\:false\:false\:true\:true\:false
TIM1.Period=9
RCC.APB1Freq_Value=32000000
PD0-OSC_IN.Locked=true
ProjectManager.CustomerFirmwarePackage=
PC0.Locked=true
ProjectManager.DeviceId=STM32F103RBTx
PC1.Signal=GPIO_Output
PC14-OSC32_IN.Locked=true
ProjectManager.LibraryCopy=1
PB3.Locked=true
PA3.GPIO_Label=USART_RX
PA3.Signal=USART2_RX
PA2.GPIO_Mode=GPIO_MODE_AF_PP
PA2.Locked=true
PB3.GPIO_Label=SWO
